{
  "version": 4,
  "terraform_version": "1.0.2",
  "serial": 31,
  "lineage": "9dcaaf55-b155-80f4-8c11-1ec928d07f17",
  "outputs": {},
  "resources": [
    {
      "mode": "managed",
      "type": "azurerm_linux_virtual_machine",
      "name": "myVM1",
      "provider": "provider[\"registry.terraform.io/hashicorp/azurerm\"]",
      "instances": [
        {
          "schema_version": 0,
          "attributes": {
            "additional_capabilities": [],
            "admin_password": null,
            "admin_ssh_key": [
              {
                "public_key": "ssh-rsa AAAAB3NzaC1yc2EAAAADAQABAAABgQD9mugsO8WcAWaXoTPu7Vp2PD0zG+IKmrwwyeNLwMA5jjVFoWwdE1J35wroaaVyln8HDVqOYgBNHDz3aujDtQXOwL4AYlHcBewRCzdH2xTMD4blF7ylWAVV6xF6cXczNSBqXerp57Hesce/S8adda1swiD0r/Y5Elu/1N7PAR9RfVcjHvVoRWLgDWoklJKxcLk5vHuvnaWWQEcychS7TFZ7NmvTip+Pz9nAu0D4OxTve1bkXyZkU+6tK1WvG0FpvmOuHvn9yaBWUrYOTBqRhw89dSxireNQlP7YYfNZMRKbKwIpRsgotC5gBNPG/i3HB7RkUi+ATClaTHF0lY4iCNHxZT9kuanpwlpIime8G+SBBC2zAqjLQAI2oCU5QQDCxJYpRrgb9gQy5ccXDhY0LPK261qQJSzZxNibIjRbfRYrQZO6Jzf+9MNRBOX055pkThCfhCMfI7yEpcrNUfpIcZ1tomyGMKwyXISI3ooFS/Fwilsrg/TBajl7gWRyAC+k73k= dansalvador.diazY02@comunidadunir.net\r\n",
                "username": "adminUsername"
              }
            ],
            "admin_username": "adminUsername",
            "allow_extension_operations": true,
            "availability_set_id": "",
            "boot_diagnostics": [
              {
                "storage_account_uri": "https://storageaccountdandiazcp2.blob.core.windows.net/"
              }
            ],
            "computer_name": "my-first-azure-vm",
            "custom_data": null,
            "dedicated_host_id": "",
            "disable_password_authentication": true,
            "encryption_at_host_enabled": false,
            "eviction_policy": "",
            "extensions_time_budget": "PT1H30M",
            "id": "/subscriptions/7f609416-c87e-48f7-a29d-a6647c0b2008/resourceGroups/kubernetes_rg/providers/Microsoft.Compute/virtualMachines/my-first-azure-vm",
            "identity": [],
            "location": "westeurope",
            "max_bid_price": -1,
            "name": "my-first-azure-vm",
            "network_interface_ids": [
              "/subscriptions/7f609416-c87e-48f7-a29d-a6647c0b2008/resourceGroups/kubernetes_rg/providers/Microsoft.Network/networkInterfaces/vmnic1"
            ],
            "os_disk": [
              {
                "caching": "ReadWrite",
                "diff_disk_settings": [],
                "disk_encryption_set_id": "",
                "disk_size_gb": 30,
                "name": "my-first-azure-vm_OsDisk_1_f7d0cb9ef4c141fb9c6ee9919ea85768",
                "storage_account_type": "Standard_LRS",
                "write_accelerator_enabled": false
              }
            ],
            "plan": [
              {
                "name": "centos-8-stream-free",
                "product": "centos-8-stream-free",
                "publisher": "cognosys"
              }
            ],
            "priority": "Regular",
            "private_ip_address": "10.0.1.10",
            "private_ip_addresses": [
              "10.0.1.10"
            ],
            "provision_vm_agent": true,
            "proximity_placement_group_id": "",
            "public_ip_address": "13.95.170.119",
            "public_ip_addresses": [
              "13.95.170.119"
            ],
            "resource_group_name": "kubernetes_rg",
            "secret": [],
            "size": "Standard_D1_v2",
            "source_image_id": "",
            "source_image_reference": [
              {
                "offer": "centos-8-stream-free",
                "publisher": "cognosys",
                "sku": "centos-8-stream-free",
                "version": "1.2019.0810"
              }
            ],
            "tags": {
              "environment": "CP2"
            },
            "timeouts": null,
            "virtual_machine_id": "0ee9ac8b-c1b7-42bc-928f-fe5170247dba",
            "virtual_machine_scale_set_id": "",
            "zone": ""
          },
          "sensitive_attributes": [],
          "private": "eyJlMmJmYjczMC1lY2FhLTExZTYtOGY4OC0zNDM2M2JjN2M0YzAiOnsiY3JlYXRlIjoyNzAwMDAwMDAwMDAwLCJkZWxldGUiOjI3MDAwMDAwMDAwMDAsInJlYWQiOjMwMDAwMDAwMDAwMCwidXBkYXRlIjoyNzAwMDAwMDAwMDAwfX0=",
          "dependencies": [
            "azurerm_virtual_network.myNet",
            "azurerm_network_interface.myNic1",
            "azurerm_public_ip.myPublicIp1",
            "azurerm_resource_group.rg",
            "azurerm_storage_account.stAccount",
            "azurerm_subnet.mySubnet"
          ]
        }
      ]
    },
    {
      "mode": "managed",
      "type": "azurerm_network_interface",
      "name": "myNic1",
      "provider": "provider[\"registry.terraform.io/hashicorp/azurerm\"]",
      "instances": [
        {
          "schema_version": 0,
          "attributes": {
            "applied_dns_servers": [],
            "dns_servers": [],
            "enable_accelerated_networking": false,
            "enable_ip_forwarding": false,
            "id": "/subscriptions/7f609416-c87e-48f7-a29d-a6647c0b2008/resourceGroups/kubernetes_rg/providers/Microsoft.Network/networkInterfaces/vmnic1",
            "internal_dns_name_label": "",
            "internal_domain_name_suffix": "g03d3glnnxaupnk112iqjt0aha.ax.internal.cloudapp.net",
            "ip_configuration": [
              {
                "name": "myipconfiguration1",
                "primary": true,
                "private_ip_address": "10.0.1.10",
                "private_ip_address_allocation": "Static",
                "private_ip_address_version": "IPv4",
                "public_ip_address_id": "/subscriptions/7f609416-c87e-48f7-a29d-a6647c0b2008/resourceGroups/kubernetes_rg/providers/Microsoft.Network/publicIPAddresses/vmip1",
                "subnet_id": "/subscriptions/7f609416-c87e-48f7-a29d-a6647c0b2008/resourceGroups/kubernetes_rg/providers/Microsoft.Network/virtualNetworks/kubernetesnet/subnets/terraformsubnet"
              }
            ],
            "location": "westeurope",
            "mac_address": "00-0D-3A-2F-75-10",
            "name": "vmnic1",
            "private_ip_address": "10.0.1.10",
            "private_ip_addresses": [
              "10.0.1.10"
            ],
            "resource_group_name": "kubernetes_rg",
            "tags": {
              "environment": "CP2"
            },
            "timeouts": null,
            "virtual_machine_id": "/subscriptions/7f609416-c87e-48f7-a29d-a6647c0b2008/resourceGroups/kubernetes_rg/providers/Microsoft.Compute/virtualMachines/my-first-azure-vm"
          },
          "sensitive_attributes": [],
          "private": "eyJlMmJmYjczMC1lY2FhLTExZTYtOGY4OC0zNDM2M2JjN2M0YzAiOnsiY3JlYXRlIjoxODAwMDAwMDAwMDAwLCJkZWxldGUiOjE4MDAwMDAwMDAwMDAsInJlYWQiOjMwMDAwMDAwMDAwMCwidXBkYXRlIjoxODAwMDAwMDAwMDAwfX0=",
          "dependencies": [
            "azurerm_public_ip.myPublicIp1",
            "azurerm_resource_group.rg",
            "azurerm_subnet.mySubnet",
            "azurerm_virtual_network.myNet"
          ]
        }
      ]
    },
    {
      "mode": "managed",
      "type": "azurerm_network_interface_security_group_association",
      "name": "mySecGroupAssociation1",
      "provider": "provider[\"registry.terraform.io/hashicorp/azurerm\"]",
      "instances": [
        {
          "schema_version": 0,
          "attributes": {
            "id": "/subscriptions/7f609416-c87e-48f7-a29d-a6647c0b2008/resourceGroups/kubernetes_rg/providers/Microsoft.Network/networkInterfaces/vmnic1|/subscriptions/7f609416-c87e-48f7-a29d-a6647c0b2008/resourceGroups/kubernetes_rg/providers/Microsoft.Network/networkSecurityGroups/sshtraffic",
            "network_interface_id": "/subscriptions/7f609416-c87e-48f7-a29d-a6647c0b2008/resourceGroups/kubernetes_rg/providers/Microsoft.Network/networkInterfaces/vmnic1",
            "network_security_group_id": "/subscriptions/7f609416-c87e-48f7-a29d-a6647c0b2008/resourceGroups/kubernetes_rg/providers/Microsoft.Network/networkSecurityGroups/sshtraffic",
            "timeouts": null
          },
          "sensitive_attributes": [],
          "private": "eyJlMmJmYjczMC1lY2FhLTExZTYtOGY4OC0zNDM2M2JjN2M0YzAiOnsiY3JlYXRlIjoxODAwMDAwMDAwMDAwLCJkZWxldGUiOjE4MDAwMDAwMDAwMDAsInJlYWQiOjMwMDAwMDAwMDAwMCwidXBkYXRlIjoxODAwMDAwMDAwMDAwfX0=",
          "dependencies": [
            "azurerm_network_interface.myNic1",
            "azurerm_network_security_group.mySecGroup",
            "azurerm_public_ip.myPublicIp1",
            "azurerm_resource_group.rg",
            "azurerm_subnet.mySubnet",
            "azurerm_virtual_network.myNet"
          ]
        }
      ]
    },
    {
      "mode": "managed",
      "type": "azurerm_network_security_group",
      "name": "mySecGroup",
      "provider": "provider[\"registry.terraform.io/hashicorp/azurerm\"]",
      "instances": [
        {
          "schema_version": 0,
          "attributes": {
            "id": "/subscriptions/7f609416-c87e-48f7-a29d-a6647c0b2008/resourceGroups/kubernetes_rg/providers/Microsoft.Network/networkSecurityGroups/sshtraffic",
            "location": "westeurope",
            "name": "sshtraffic",
            "resource_group_name": "kubernetes_rg",
            "security_rule": [
              {
                "access": "Allow",
                "description": "",
                "destination_address_prefix": "*",
                "destination_address_prefixes": [],
                "destination_application_security_group_ids": [],
                "destination_port_range": "22",
                "destination_port_ranges": [],
                "direction": "Inbound",
                "name": "SSH",
                "priority": 1001,
                "protocol": "Tcp",
                "source_address_prefix": "*",
                "source_address_prefixes": [],
                "source_application_security_group_ids": [],
                "source_port_range": "*",
                "source_port_ranges": []
              }
            ],
            "tags": {
              "environment": "CP2"
            },
            "timeouts": null
          },
          "sensitive_attributes": [],
          "private": "eyJlMmJmYjczMC1lY2FhLTExZTYtOGY4OC0zNDM2M2JjN2M0YzAiOnsiY3JlYXRlIjoxODAwMDAwMDAwMDAwLCJkZWxldGUiOjE4MDAwMDAwMDAwMDAsInJlYWQiOjMwMDAwMDAwMDAwMCwidXBkYXRlIjoxODAwMDAwMDAwMDAwfX0=",
          "dependencies": [
            "azurerm_resource_group.rg"
          ]
        }
      ]
    },
    {
      "mode": "managed",
      "type": "azurerm_public_ip",
      "name": "myPublicIp1",
      "provider": "provider[\"registry.terraform.io/hashicorp/azurerm\"]",
      "instances": [
        {
          "schema_version": 0,
          "attributes": {
            "allocation_method": "Dynamic",
            "domain_name_label": null,
            "fqdn": null,
            "id": "/subscriptions/7f609416-c87e-48f7-a29d-a6647c0b2008/resourceGroups/kubernetes_rg/providers/Microsoft.Network/publicIPAddresses/vmip1",
            "idle_timeout_in_minutes": 4,
            "ip_address": "13.95.170.119",
            "ip_version": "IPv4",
            "location": "westeurope",
            "name": "vmip1",
            "public_ip_prefix_id": null,
            "resource_group_name": "kubernetes_rg",
            "reverse_fqdn": null,
            "sku": "Basic",
            "tags": {
              "environment": "CP2"
            },
            "timeouts": null,
            "zones": []
          },
          "sensitive_attributes": [],
          "private": "eyJlMmJmYjczMC1lY2FhLTExZTYtOGY4OC0zNDM2M2JjN2M0YzAiOnsiY3JlYXRlIjoxODAwMDAwMDAwMDAwLCJkZWxldGUiOjE4MDAwMDAwMDAwMDAsInJlYWQiOjMwMDAwMDAwMDAwMCwidXBkYXRlIjoxODAwMDAwMDAwMDAwfX0=",
          "dependencies": [
            "azurerm_resource_group.rg"
          ]
        }
      ]
    },
    {
      "mode": "managed",
      "type": "azurerm_resource_group",
      "name": "rg",
      "provider": "provider[\"registry.terraform.io/hashicorp/azurerm\"]",
      "instances": [
        {
          "schema_version": 0,
          "attributes": {
            "id": "/subscriptions/7f609416-c87e-48f7-a29d-a6647c0b2008/resourceGroups/kubernetes_rg",
            "location": "westeurope",
            "name": "kubernetes_rg",
            "tags": {
              "environment": "CP2"
            },
            "timeouts": null
          },
          "sensitive_attributes": [],
          "private": "eyJlMmJmYjczMC1lY2FhLTExZTYtOGY4OC0zNDM2M2JjN2M0YzAiOnsiY3JlYXRlIjo1NDAwMDAwMDAwMDAwLCJkZWxldGUiOjU0MDAwMDAwMDAwMDAsInJlYWQiOjMwMDAwMDAwMDAwMCwidXBkYXRlIjo1NDAwMDAwMDAwMDAwfX0="
        }
      ]
    },
    {
      "mode": "managed",
      "type": "azurerm_storage_account",
      "name": "stAccount",
      "provider": "provider[\"registry.terraform.io/hashicorp/azurerm\"]",
      "instances": [
        {
          "schema_version": 2,
          "attributes": {
            "access_tier": "Hot",
            "account_kind": "StorageV2",
            "account_replication_type": "LRS",
            "account_tier": "Standard",
            "allow_blob_public_access": false,
            "blob_properties": [],
            "custom_domain": [],
            "enable_https_traffic_only": true,
            "id": "/subscriptions/7f609416-c87e-48f7-a29d-a6647c0b2008/resourceGroups/kubernetes_rg/providers/Microsoft.Storage/storageAccounts/storageaccountdandiazcp2",
            "identity": [],
            "is_hns_enabled": false,
            "large_file_share_enabled": null,
            "location": "westeurope",
            "min_tls_version": "TLS1_0",
            "name": "storageaccountdandiazcp2",
            "network_rules": [
              {
                "bypass": [
                  "AzureServices"
                ],
                "default_action": "Allow",
                "ip_rules": [],
                "virtual_network_subnet_ids": []
              }
            ],
            "primary_access_key": "hhlCm2bcEnm+ocMKo0l/FE/5daOYAuFE3NvfG45fsdzpZoKGhFMkMgrG8bZGW4HNxH6IigV+FS9lk7DHGGJtbA==",
            "primary_blob_connection_string": "DefaultEndpointsProtocol=https;BlobEndpoint=https://storageaccountdandiazcp2.blob.core.windows.net/;AccountName=storageaccountdandiazcp2;AccountKey=hhlCm2bcEnm+ocMKo0l/FE/5daOYAuFE3NvfG45fsdzpZoKGhFMkMgrG8bZGW4HNxH6IigV+FS9lk7DHGGJtbA==",
            "primary_blob_endpoint": "https://storageaccountdandiazcp2.blob.core.windows.net/",
            "primary_blob_host": "storageaccountdandiazcp2.blob.core.windows.net",
            "primary_connection_string": "DefaultEndpointsProtocol=https;AccountName=storageaccountdandiazcp2;AccountKey=hhlCm2bcEnm+ocMKo0l/FE/5daOYAuFE3NvfG45fsdzpZoKGhFMkMgrG8bZGW4HNxH6IigV+FS9lk7DHGGJtbA==;EndpointSuffix=core.windows.net",
            "primary_dfs_endpoint": "https://storageaccountdandiazcp2.dfs.core.windows.net/",
            "primary_dfs_host": "storageaccountdandiazcp2.dfs.core.windows.net",
            "primary_file_endpoint": "https://storageaccountdandiazcp2.file.core.windows.net/",
            "primary_file_host": "storageaccountdandiazcp2.file.core.windows.net",
            "primary_location": "westeurope",
            "primary_queue_endpoint": "https://storageaccountdandiazcp2.queue.core.windows.net/",
            "primary_queue_host": "storageaccountdandiazcp2.queue.core.windows.net",
            "primary_table_endpoint": "https://storageaccountdandiazcp2.table.core.windows.net/",
            "primary_table_host": "storageaccountdandiazcp2.table.core.windows.net",
            "primary_web_endpoint": "https://storageaccountdandiazcp2.z6.web.core.windows.net/",
            "primary_web_host": "storageaccountdandiazcp2.z6.web.core.windows.net",
            "queue_properties": [
              {
                "cors_rule": [],
                "hour_metrics": [
                  {
                    "enabled": true,
                    "include_apis": true,
                    "retention_policy_days": 7,
                    "version": "1.0"
                  }
                ],
                "logging": [
                  {
                    "delete": false,
                    "read": false,
                    "retention_policy_days": 0,
                    "version": "1.0",
                    "write": false
                  }
                ],
                "minute_metrics": [
                  {
                    "enabled": false,
                    "include_apis": false,
                    "retention_policy_days": 0,
                    "version": "1.0"
                  }
                ]
              }
            ],
            "resource_group_name": "kubernetes_rg",
            "secondary_access_key": "z7t2Mxyoh21owsXrcJHQjffNLhjaBF1Sej2o2r2zFdlQEwSZK41WOR3nFwvJeG+yfVfDIOtn7A57k4blz+JsBw==",
            "secondary_blob_connection_string": "",
            "secondary_blob_endpoint": null,
            "secondary_blob_host": null,
            "secondary_connection_string": "DefaultEndpointsProtocol=https;AccountName=storageaccountdandiazcp2;AccountKey=z7t2Mxyoh21owsXrcJHQjffNLhjaBF1Sej2o2r2zFdlQEwSZK41WOR3nFwvJeG+yfVfDIOtn7A57k4blz+JsBw==;EndpointSuffix=core.windows.net",
            "secondary_dfs_endpoint": null,
            "secondary_dfs_host": null,
            "secondary_file_endpoint": null,
            "secondary_file_host": null,
            "secondary_location": "",
            "secondary_queue_endpoint": null,
            "secondary_queue_host": null,
            "secondary_table_endpoint": null,
            "secondary_table_host": null,
            "secondary_web_endpoint": null,
            "secondary_web_host": null,
            "static_website": [],
            "tags": {
              "environment": "CP2"
            },
            "timeouts": null
          },
          "sensitive_attributes": [],
          "private": "eyJlMmJmYjczMC1lY2FhLTExZTYtOGY4OC0zNDM2M2JjN2M0YzAiOnsiY3JlYXRlIjozNjAwMDAwMDAwMDAwLCJkZWxldGUiOjM2MDAwMDAwMDAwMDAsInJlYWQiOjMwMDAwMDAwMDAwMCwidXBkYXRlIjozNjAwMDAwMDAwMDAwfSwic2NoZW1hX3ZlcnNpb24iOiIyIn0=",
          "dependencies": [
            "azurerm_resource_group.rg"
          ]
        }
      ]
    },
    {
      "mode": "managed",
      "type": "azurerm_subnet",
      "name": "mySubnet",
      "provider": "provider[\"registry.terraform.io/hashicorp/azurerm\"]",
      "instances": [
        {
          "schema_version": 0,
          "attributes": {
            "address_prefix": "10.0.1.0/24",
            "address_prefixes": [
              "10.0.1.0/24"
            ],
            "delegation": [],
            "enforce_private_link_endpoint_network_policies": false,
            "enforce_private_link_service_network_policies": false,
            "id": "/subscriptions/7f609416-c87e-48f7-a29d-a6647c0b2008/resourceGroups/kubernetes_rg/providers/Microsoft.Network/virtualNetworks/kubernetesnet/subnets/terraformsubnet",
            "name": "terraformsubnet",
            "resource_group_name": "kubernetes_rg",
            "service_endpoint_policy_ids": [],
            "service_endpoints": [],
            "timeouts": null,
            "virtual_network_name": "kubernetesnet"
          },
          "sensitive_attributes": [],
          "private": "eyJlMmJmYjczMC1lY2FhLTExZTYtOGY4OC0zNDM2M2JjN2M0YzAiOnsiY3JlYXRlIjoxODAwMDAwMDAwMDAwLCJkZWxldGUiOjE4MDAwMDAwMDAwMDAsInJlYWQiOjMwMDAwMDAwMDAwMCwidXBkYXRlIjoxODAwMDAwMDAwMDAwfX0=",
          "dependencies": [
            "azurerm_resource_group.rg",
            "azurerm_virtual_network.myNet"
          ]
        }
      ]
    },
    {
      "mode": "managed",
      "type": "azurerm_subnet",
      "name": "mySubnetEnv",
      "provider": "provider[\"registry.terraform.io/hashicorp/azurerm\"]",
      "instances": [
        {
          "index_key": 0,
          "schema_version": 0,
          "attributes": {
            "address_prefix": "10.0.100.0/24",
            "address_prefixes": [
              "10.0.100.0/24"
            ],
            "delegation": [],
            "enforce_private_link_endpoint_network_policies": false,
            "enforce_private_link_service_network_policies": false,
            "id": "/subscriptions/7f609416-c87e-48f7-a29d-a6647c0b2008/resourceGroups/kubernetes_rg/providers/Microsoft.Network/virtualNetworks/kubernetesnet/subnets/terraformsubnet-dev",
            "name": "terraformsubnet-dev",
            "resource_group_name": "kubernetes_rg",
            "service_endpoint_policy_ids": [],
            "service_endpoints": [],
            "timeouts": null,
            "virtual_network_name": "kubernetesnet"
          },
          "sensitive_attributes": [],
          "private": "eyJlMmJmYjczMC1lY2FhLTExZTYtOGY4OC0zNDM2M2JjN2M0YzAiOnsiY3JlYXRlIjoxODAwMDAwMDAwMDAwLCJkZWxldGUiOjE4MDAwMDAwMDAwMDAsInJlYWQiOjMwMDAwMDAwMDAwMCwidXBkYXRlIjoxODAwMDAwMDAwMDAwfX0=",
          "dependencies": [
            "azurerm_resource_group.rg",
            "azurerm_virtual_network.myNet"
          ]
        },
        {
          "index_key": 1,
          "schema_version": 0,
          "attributes": {
            "address_prefix": "10.0.101.0/24",
            "address_prefixes": [
              "10.0.101.0/24"
            ],
            "delegation": [],
            "enforce_private_link_endpoint_network_policies": false,
            "enforce_private_link_service_network_policies": false,
            "id": "/subscriptions/7f609416-c87e-48f7-a29d-a6647c0b2008/resourceGroups/kubernetes_rg/providers/Microsoft.Network/virtualNetworks/kubernetesnet/subnets/terraformsubnet-pre",
            "name": "terraformsubnet-pre",
            "resource_group_name": "kubernetes_rg",
            "service_endpoint_policy_ids": [],
            "service_endpoints": [],
            "timeouts": null,
            "virtual_network_name": "kubernetesnet"
          },
          "sensitive_attributes": [],
          "private": "eyJlMmJmYjczMC1lY2FhLTExZTYtOGY4OC0zNDM2M2JjN2M0YzAiOnsiY3JlYXRlIjoxODAwMDAwMDAwMDAwLCJkZWxldGUiOjE4MDAwMDAwMDAwMDAsInJlYWQiOjMwMDAwMDAwMDAwMCwidXBkYXRlIjoxODAwMDAwMDAwMDAwfX0=",
          "dependencies": [
            "azurerm_resource_group.rg",
            "azurerm_virtual_network.myNet"
          ]
        }
      ]
    },
    {
      "mode": "managed",
      "type": "azurerm_virtual_network",
      "name": "myNet",
      "provider": "provider[\"registry.terraform.io/hashicorp/azurerm\"]",
      "instances": [
        {
          "schema_version": 0,
          "attributes": {
            "address_space": [
              "10.0.0.0/16"
            ],
            "bgp_community": "",
            "ddos_protection_plan": [],
            "dns_servers": [],
            "guid": "993eba36-6d6d-47c1-b55b-df1104cf4038",
            "id": "/subscriptions/7f609416-c87e-48f7-a29d-a6647c0b2008/resourceGroups/kubernetes_rg/providers/Microsoft.Network/virtualNetworks/kubernetesnet",
            "location": "westeurope",
            "name": "kubernetesnet",
            "resource_group_name": "kubernetes_rg",
            "subnet": [
              {
                "address_prefix": "10.0.1.0/24",
                "id": "/subscriptions/7f609416-c87e-48f7-a29d-a6647c0b2008/resourceGroups/kubernetes_rg/providers/Microsoft.Network/virtualNetworks/kubernetesnet/subnets/terraformsubnet",
                "name": "terraformsubnet",
                "security_group": ""
              },
              {
                "address_prefix": "10.0.100.0/24",
                "id": "/subscriptions/7f609416-c87e-48f7-a29d-a6647c0b2008/resourceGroups/kubernetes_rg/providers/Microsoft.Network/virtualNetworks/kubernetesnet/subnets/terraformsubnet-dev",
                "name": "terraformsubnet-dev",
                "security_group": ""
              },
              {
                "address_prefix": "10.0.101.0/24",
                "id": "/subscriptions/7f609416-c87e-48f7-a29d-a6647c0b2008/resourceGroups/kubernetes_rg/providers/Microsoft.Network/virtualNetworks/kubernetesnet/subnets/terraformsubnet-pre",
                "name": "terraformsubnet-pre",
                "security_group": ""
              }
            ],
            "tags": {
              "environment": "CP2"
            },
            "timeouts": null,
            "vm_protection_enabled": false
          },
          "sensitive_attributes": [],
          "private": "eyJlMmJmYjczMC1lY2FhLTExZTYtOGY4OC0zNDM2M2JjN2M0YzAiOnsiY3JlYXRlIjoxODAwMDAwMDAwMDAwLCJkZWxldGUiOjE4MDAwMDAwMDAwMDAsInJlYWQiOjMwMDAwMDAwMDAwMCwidXBkYXRlIjoxODAwMDAwMDAwMDAwfX0=",
          "dependencies": [
            "azurerm_resource_group.rg"
          ]
        }
      ]
    }
  ]
}
